
Microsoft Visual Studio Solution File, Format Version 12.00
# Visual Studio 2012
Project("{FAE04EC0-301F-11D3-BF4B-00C04F79EFBC}") = "Exodus3", "Exodus3\Exodus3.csproj", "{7BF0046D-31FE-4798-BB66-1D1F881F1A65}"
EndProject
Project("{FAE04EC0-301F-11D3-BF4B-00C04F79EFBC}") = "Exodus3.Droid", "Droid\Exodus3.Droid.csproj", "{65462D61-3F59-47B9-B7A8-374316DD1004}"
EndProject
Project("{FAE04EC0-301F-11D3-BF4B-00C04F79EFBC}") = "Exodus3.iOS", "iOS\Exodus3.iOS.csproj", "{306FB274-01A3-46AE-90B1-F4D23A96C2B1}"
EndProject
Project("{2150E333-8FDC-42A3-9474-1A3956D46DE8}") = "Mobile", "Mobile", "{6FB242CA-DEF1-4ECC-8913-5CD851808889}"
EndProject
Global
	GlobalSection(SolutionConfigurationPlatforms) = preSolution
		Debug|Any CPU = Debug|Any CPU
		Release|Any CPU = Release|Any CPU
		Debug|iPhoneSimulator = Debug|iPhoneSimulator
		Release|iPhone = Release|iPhone
		Release|iPhoneSimulator = Release|iPhoneSimulator
		Debug|iPhone = Debug|iPhone
	EndGlobalSection
	GlobalSection(ProjectConfigurationPlatforms) = postSolution
		{7BF0046D-31FE-4798-BB66-1D1F881F1A65}.Debug|Any CPU.ActiveCfg = Debug|Any CPU
		{7BF0046D-31FE-4798-BB66-1D1F881F1A65}.Debug|Any CPU.Build.0 = Debug|Any CPU
		{7BF0046D-31FE-4798-BB66-1D1F881F1A65}.Release|Any CPU.ActiveCfg = Release|Any CPU
		{7BF0046D-31FE-4798-BB66-1D1F881F1A65}.Release|Any CPU.Build.0 = Release|Any CPU
		{7BF0046D-31FE-4798-BB66-1D1F881F1A65}.Debug|iPhoneSimulator.ActiveCfg = Debug|Any CPU
		{7BF0046D-31FE-4798-BB66-1D1F881F1A65}.Debug|iPhoneSimulator.Build.0 = Debug|Any CPU
		{7BF0046D-31FE-4798-BB66-1D1F881F1A65}.Release|iPhone.ActiveCfg = Release|Any CPU
		{7BF0046D-31FE-4798-BB66-1D1F881F1A65}.Release|iPhone.Build.0 = Release|Any CPU
		{7BF0046D-31FE-4798-BB66-1D1F881F1A65}.Release|iPhoneSimulator.ActiveCfg = Release|Any CPU
		{7BF0046D-31FE-4798-BB66-1D1F881F1A65}.Release|iPhoneSimulator.Build.0 = Release|Any CPU
		{7BF0046D-31FE-4798-BB66-1D1F881F1A65}.Debug|iPhone.ActiveCfg = Debug|Any CPU
		{7BF0046D-31FE-4798-BB66-1D1F881F1A65}.Debug|iPhone.Build.0 = Debug|Any CPU
		{65462D61-3F59-47B9-B7A8-374316DD1004}.Debug|Any CPU.ActiveCfg = Debug|Any CPU
		{65462D61-3F59-47B9-B7A8-374316DD1004}.Debug|Any CPU.Build.0 = Debug|Any CPU
		{65462D61-3F59-47B9-B7A8-374316DD1004}.Release|Any CPU.ActiveCfg = Release|Any CPU
		{65462D61-3F59-47B9-B7A8-374316DD1004}.Release|Any CPU.Build.0 = Release|Any CPU
		{65462D61-3F59-47B9-B7A8-374316DD1004}.Debug|iPhoneSimulator.ActiveCfg = Debug|Any CPU
		{65462D61-3F59-47B9-B7A8-374316DD1004}.Debug|iPhoneSimulator.Build.0 = Debug|Any CPU
		{65462D61-3F59-47B9-B7A8-374316DD1004}.Release|iPhone.ActiveCfg = Release|Any CPU
		{65462D61-3F59-47B9-B7A8-374316DD1004}.Release|iPhone.Build.0 = Release|Any CPU
		{65462D61-3F59-47B9-B7A8-374316DD1004}.Release|iPhoneSimulator.ActiveCfg = Release|Any CPU
		{65462D61-3F59-47B9-B7A8-374316DD1004}.Release|iPhoneSimulator.Build.0 = Release|Any CPU
		{65462D61-3F59-47B9-B7A8-374316DD1004}.Debug|iPhone.ActiveCfg = Debug|Any CPU
		{65462D61-3F59-47B9-B7A8-374316DD1004}.Debug|iPhone.Build.0 = Debug|Any CPU
		{306FB274-01A3-46AE-90B1-F4D23A96C2B1}.Debug|Any CPU.ActiveCfg = Debug|iPhoneSimulator
		{306FB274-01A3-46AE-90B1-F4D23A96C2B1}.Debug|Any CPU.Build.0 = Debug|iPhoneSimulator
		{306FB274-01A3-46AE-90B1-F4D23A96C2B1}.Release|Any CPU.ActiveCfg = Release|iPhone
		{306FB274-01A3-46AE-90B1-F4D23A96C2B1}.Release|Any CPU.Build.0 = Release|iPhone
		{306FB274-01A3-46AE-90B1-F4D23A96C2B1}.Debug|iPhoneSimulator.ActiveCfg = Debug|iPhoneSimulator
		{306FB274-01A3-46AE-90B1-F4D23A96C2B1}.Debug|iPhoneSimulator.Build.0 = Debug|iPhoneSimulator
		{306FB274-01A3-46AE-90B1-F4D23A96C2B1}.Release|iPhone.ActiveCfg = Release|iPhone
		{306FB274-01A3-46AE-90B1-F4D23A96C2B1}.Release|iPhone.Build.0 = Release|iPhone
		{306FB274-01A3-46AE-90B1-F4D23A96C2B1}.Release|iPhoneSimulator.ActiveCfg = Release|iPhoneSimulator
		{306FB274-01A3-46AE-90B1-F4D23A96C2B1}.Release|iPhoneSimulator.Build.0 = Release|iPhoneSimulator
		{306FB274-01A3-46AE-90B1-F4D23A96C2B1}.Debug|iPhone.ActiveCfg = Debug|iPhone
		{306FB274-01A3-46AE-90B1-F4D23A96C2B1}.Debug|iPhone.Build.0 = Debug|iPhone
	EndGlobalSection
	GlobalSection(NestedProjects) = preSolution
		{7BF0046D-31FE-4798-BB66-1D1F881F1A65} = {6FB242CA-DEF1-4ECC-8913-5CD851808889}
		{65462D61-3F59-47B9-B7A8-374316DD1004} = {6FB242CA-DEF1-4ECC-8913-5CD851808889}
		{306FB274-01A3-46AE-90B1-F4D23A96C2B1} = {6FB242CA-DEF1-4ECC-8913-5CD851808889}
	EndGlobalSection
EndGlobal
